// !$*UTF8*$!
{
	archiveVersion = 1;
	classes = {
	};
	objectVersion = 46;
	objects = {

/* Begin PBXBuildFile section */
		1A94785E1A2CFC3E00ECD995 /* main.m in Sources */ = {isa = PBXBuildFile; fileRef = 1A94785D1A2CFC3E00ECD995 /* main.m */; };
		1A9478611A2CFC3E00ECD995 /* AppDelegate.m in Sources */ = {isa = PBXBuildFile; fileRef = 1A9478601A2CFC3E00ECD995 /* AppDelegate.m */; };
		1A9478641A2CFC3E00ECD995 /* ViewController.m in Sources */ = {isa = PBXBuildFile; fileRef = 1A9478631A2CFC3E00ECD995 /* ViewController.m */; };
		1A9478671A2CFC3E00ECD995 /* Main.storyboard in Resources */ = {isa = PBXBuildFile; fileRef = 1A9478651A2CFC3E00ECD995 /* Main.storyboard */; };
		1A9478691A2CFC3E00ECD995 /* Images.xcassets in Resources */ = {isa = PBXBuildFile; fileRef = 1A9478681A2CFC3E00ECD995 /* Images.xcassets */; };
		1A94786C1A2CFC3E00ECD995 /* LaunchScreen.xib in Resources */ = {isa = PBXBuildFile; fileRef = 1A94786A1A2CFC3E00ECD995 /* LaunchScreen.xib */; };
		1A9478781A2CFC3F00ECD995 /* Out_of_this_WorldTests.m in Sources */ = {isa = PBXBuildFile; fileRef = 1A9478771A2CFC3F00ECD995 /* Out_of_this_WorldTests.m */; };
/* End PBXBuildFile section */

/* Begin PBXContainerItemProxy section */
		1A9478721A2CFC3E00ECD995 /* PBXContainerItemProxy */ = {
			isa = PBXContainerItemProxy;
			containerPortal = 1A9478501A2CFC3E00ECD995 /* Project object */;
			proxyType = 1;
			remoteGlobalIDString = 1A9478571A2CFC3E00ECD995;
			remoteInfo = "Out of this World";
		};
/* End PBXContainerItemProxy section */

/* Begin PBXFileReference section */
		1A9478581A2CFC3E00ECD995 /* Out of this World.app */ = {isa = PBXFileReference; explicitFileType = wrapper.application; includeInIndex = 0; path = "Out of this World.app"; sourceTree = BUILT_PRODUCTS_DIR; };
		1A94785C1A2CFC3E00ECD995 /* Info.plist */ = {isa = PBXFileReference; lastKnownFileType = text.plist.xml; path = Info.plist; sourceTree = "<group>"; };
		1A94785D1A2CFC3E00ECD995 /* main.m */ = {isa = PBXFileReference; lastKnownFileType = sourcecode.c.objc; path = main.m; sourceTree = "<group>"; };
		1A94785F1A2CFC3E00ECD995 /* AppDelegate.h */ = {isa = PBXFileReference; lastKnownFileType = sourcecode.c.h; path = AppDelegate.h; sourceTree = "<group>"; };
		1A9478601A2CFC3E00ECD995 /* AppDelegate.m */ = {isa = PBXFileReference; lastKnownFileType = sourcecode.c.objc; path = AppDelegate.m; sourceTree = "<group>"; };
		1A9478621A2CFC3E00ECD995 /* ViewController.h */ = {isa = PBXFileReference; lastKnownFileType = sourcecode.c.h; path = ViewController.h; sourceTree = "<group>"; };
		1A9478631A2CFC3E00ECD995 /* ViewController.m */ = {isa = PBXFileReference; lastKnownFileType = sourcecode.c.objc; path = ViewController.m; sourceTree = "<group>"; };
		1A9478661A2CFC3E00ECD995 /* Base */ = {isa = PBXFileReference; lastKnownFileType = file.storyboard; name = Base; path = Base.lproj/Main.storyboard; sourceTree = "<group>"; };
		1A9478681A2CFC3E00ECD995 /* Images.xcassets */ = {isa = PBXFileReference; lastKnownFileType = folder.assetcatalog; path = Images.xcassets; sourceTree = "<group>"; };
		1A94786B1A2CFC3E00ECD995 /* Base */ = {isa = PBXFileReference; lastKnownFileType = file.xib; name = Base; path = Base.lproj/LaunchScreen.xib; sourceTree = "<group>"; };
		1A9478711A2CFC3E00ECD995 /* Out of this WorldTests.xctest */ = {isa = PBXFileReference; explicitFileType = wrapper.cfbundle; includeInIndex = 0; path = "Out of this WorldTests.xctest"; sourceTree = BUILT_PRODUCTS_DIR; };
		1A9478761A2CFC3E00ECD995 /* Info.plist */ = {isa = PBXFileReference; lastKnownFileType = text.plist.xml; path = Info.plist; sourceTree = "<group>"; };
		1A9478771A2CFC3F00ECD995 /* Out_of_this_WorldTests.m */ = {isa = PBXFileReference; lastKnownFileType = sourcecode.c.objc; path = Out_of_this_WorldTests.m; sourceTree = "<group>"; };
/* End PBXFileReference section */

/* Begin PBXFrameworksBuildPhase section */
		1A9478551A2CFC3E00ECD995 /* Frameworks */ = {
			isa = PBXFrameworksBuildPhase;
			buildActionMask = 2147483647;
			files = (
			);
			runOnlyForDeploymentPostprocessing = 0;
		};
		1A94786E1A2CFC3E00ECD995 /* Frameworks */ = {
			isa = PBXFrameworksBuildPhase;
			buildActionMask = 2147483647;
			files = (
			);
			runOnlyForDeploymentPostprocessing = 0;
		};
/* End PBXFrameworksBuildPhase section */

/* Begin PBXGroup section */
		1A94784F1A2CFC3E00ECD995 = {
			isa = PBXGroup;
			children = (
				1A94785A1A2CFC3E00ECD995 /* Out of this World */,
				1A9478741A2CFC3E00ECD995 /* Out of this WorldTests */,
				1A9478591A2CFC3E00ECD995 /* Products */,
			);
			sourceTree = "<group>";
		};
		1A9478591A2CFC3E00ECD995 /* Products */ = {
			isa = PBXGroup;
			children = (
				1A9478581A2CFC3E00ECD995 /* Out of this World.app */,
				1A9478711A2CFC3E00ECD995 /* Out of this WorldTests.xctest */,
			);
			name = Products;
			sourceTree = "<group>";
		};
		1A94785A1A2CFC3E00ECD995 /* Out of this World */ = {
			isa = PBXGroup;
			children = (
				1A94785F1A2CFC3E00ECD995 /* AppDelegate.h */,
				1A9478601A2CFC3E00ECD995 /* AppDelegate.m */,
				1A9478621A2CFC3E00ECD995 /* ViewController.h */,
				1A9478631A2CFC3E00ECD995 /* ViewController.m */,
				1A9478651A2CFC3E00ECD995 /* Main.storyboard */,
				1A9478681A2CFC3E00ECD995 /* Images.xcassets */,
				1A94786A1A2CFC3E00ECD995 /* LaunchScreen.xib */,
				1A94785B1A2CFC3E00ECD995 /* Supporting Files */,
			);
			path = "Out of this World";
			sourceTree = "<group>";
		};
		1A94785B1A2CFC3E00ECD995 /* Supporting Files */ = {
			isa = PBXGroup;
			children = (
				1A94785C1A2CFC3E00ECD995 /* Info.plist */,
				1A94785D1A2CFC3E00ECD995 /* main.m */,
			);
			name = "Supporting Files";
			sourceTree = "<group>";
		};
		1A9478741A2CFC3E00ECD995 /* Out of this WorldTests */ = {
			isa = PBXGroup;
			children = (
				1A9478771A2CFC3F00ECD995 /* Out_of_this_WorldTests.m */,
				1A9478751A2CFC3E00ECD995 /* Supporting Files */,
			);
			path = "Out of this WorldTests";
			sourceTree = "<group>";
		};
		1A9478751A2CFC3E00ECD995 /* Supporting Files */ = {
			isa = PBXGroup;
			children = (
				1A9478761A2CFC3E00ECD995 /* Info.plist */,
			);
			name = "Supporting Files";
			sourceTree = "<group>";
		};
/* End PBXGroup section */

/* Begin PBXNativeTarget section */
		1A9478571A2CFC3E00ECD995 /* Out of this World */ = {
			isa = PBXNativeTarget;
			buildConfigurationList = 1A94787B1A2CFC3F00ECD995 /* Build configuration list for PBXNativeTarget "Out of this World" */;
			buildPhases = (
				1A9478541A2CFC3E00ECD995 /* Sources */,
				1A9478551A2CFC3E00ECD995 /* Frameworks */,
				1A9478561A2CFC3E00ECD995 /* Resources */,
			);
			buildRules = (
			);
			dependencies = (
			);
			name = "Out of this World";
			productName = "Out of this World";
			productReference = 1A9478581A2CFC3E00ECD995 /* Out of this World.app */;
			productType = "com.apple.product-type.application";
		};
		1A9478701A2CFC3E00ECD995 /* Out of this WorldTests */ = {
			isa = PBXNativeTarget;
			buildConfigurationList = 1A94787E1A2CFC3F00ECD995 /* Build configuration list for PBXNativeTarget "Out of this WorldTests" */;
			buildPhases = (
				1A94786D1A2CFC3E00ECD995 /* Sources */,
				1A94786E1A2CFC3E00ECD995 /* Frameworks */,
				1A94786F1A2CFC3E00ECD995 /* Resources */,
			);
			buildRules = (
			);
			dependencies = (
				1A9478731A2CFC3E00ECD995 /* PBXTargetDependency */,
			);
			name = "Out of this WorldTests";
			productName = "Out of this WorldTests";
			productReference = 1A9478711A2CFC3E00ECD995 /* Out of this WorldTests.xctest */;
			productType = "com.apple.product-type.bundle.unit-test";
		};
/* End PBXNativeTarget section */

/* Begin PBXProject section */
		1A9478501A2CFC3E00ECD995 /* Project object */ = {
			isa = PBXProject;
			attributes = {
				LastUpgradeCheck = 0610;
				ORGANIZATIONNAME = "James Carney";
				TargetAttributes = {
					1A9478571A2CFC3E00ECD995 = {
						CreatedOnToolsVersion = 6.1;
					};
					1A9478701A2CFC3E00ECD995 = {
						CreatedOnToolsVersion = 6.1;
						TestTargetID = 1A9478571A2CFC3E00ECD995;
					};
				};
			};
			buildConfigurationList = 1A9478531A2CFC3E00ECD995 /* Build configuration list for PBXProject "Out of this World" */;
			compatibilityVersion = "Xcode 3.2";
			developmentRegion = English;
			hasScannedForEncodings = 0;
			knownRegions = (
				en,
				Base,
			);
			mainGroup = 1A94784F1A2CFC3E00ECD995;
			productRefGroup = 1A9478591A2CFC3E00ECD995 /* Products */;
			projectDirPath = "";
			projectRoot = "";
			targets = (
				1A9478571A2CFC3E00ECD995 /* Out of this World */,
				1A9478701A2CFC3E00ECD995 /* Out of this WorldTests */,
			);
		};
/* End PBXProject section */

/* Begin PBXResourcesBuildPhase section */
		1A9478561A2CFC3E00ECD995 /* Resources */ = {
			isa = PBXResourcesBuildPhase;
			buildActionMask = 2147483647;
			files = (
				1A9478671A2CFC3E00ECD995 /* Main.storyboard in Resources */,
				1A94786C1A2CFC3E00ECD995 /* LaunchScreen.xib in Resources */,
				1A9478691A2CFC3E00ECD995 /* Images.xcassets in Resources */,
			);
			runOnlyForDeploymentPostprocessing = 0;
		};
		1A94786F1A2CFC3E00ECD995 /* Resources */ = {
			isa = PBXResourcesBuildPhase;
			buildActionMask = 2147483647;
			files = (
			);
			runOnlyForDeploymentPostprocessing = 0;
		};
/* End PBXResourcesBuildPhase section */

/* Begin PBXSourcesBuildPhase section */
		1A9478541A2CFC3E00ECD995 /* Sources */ = {
			isa = PBXSourcesBuildPhase;
			buildActionMask = 2147483647;
			files = (
				1A9478641A2CFC3E00ECD995 /* ViewController.m in Sources */,
				1A9478611A2CFC3E00ECD995 /* AppDelegate.m in Sources */,
				1A94785E1A2CFC3E00ECD995 /* main.m in Sources */,
			);
			runOnlyForDeploymentPostprocessing = 0;
		};
		1A94786D1A2CFC3E00ECD995 /* Sources */ = {
			isa = PBXSourcesBuildPhase;
			buildActionMask = 2147483647;
			files = (
				1A9478781A2CFC3F00ECD995 /* Out_of_this_WorldTests.m in Sources */,
			);
			runOnlyForDeploymentPostprocessing = 0;
		};
/* End PBXSourcesBuildPhase section */

/* Begin PBXTargetDependency section */
		1A9478731A2CFC3E00ECD995 /* PBXTargetDependency */ = {
			isa = PBXTargetDependency;
			target = 1A9478571A2CFC3E00ECD995 /* Out of this World */;
			targetProxy = 1A9478721A2CFC3E00ECD995 /* PBXContainerItemProxy */;
		};
/* End PBXTargetDependency section */

/* Begin PBXVariantGroup section */
		1A9478651A2CFC3E00ECD995 /* Main.storyboard */ = {
			isa = PBXVariantGroup;
			children = (
				1A9478661A2CFC3E00ECD995 /* Base */,
			);
			name = Main.storyboard;
			sourceTree = "<group>";
		};
		1A94786A1A2CFC3E00ECD995 /* LaunchScreen.xib */ = {
			isa = PBXVariantGroup;
			children = (
				1A94786B1A2CFC3E00ECD995 /* Base */,
			);
			name = LaunchScreen.xib;
			sourceTree = "<group>";
		};
/* End PBXVariantGroup section */

/* Begin XCBuildConfiguration section */
		1A9478791A2CFC3F00ECD995 /* Debug */ = {
			isa = XCBuildConfiguration;
			buildSettings = {
				ALWAYS_SEARCH_USER_PATHS = NO;
				CLANG_CXX_LANGUAGE_STANDARD = "gnu++0x";
				CLANG_CXX_LIBRARY = "libc++";
				CLANG_ENABLE_MODULES = YES;
				CLANG_ENABLE_OBJC_ARC = YES;
				CLANG_WARN_BOOL_CONVERSION = YES;
				CLANG_WARN_CONSTANT_CONVERSION = YES;
				CLANG_WARN_DIRECT_OBJC_ISA_USAGE = YES_ERROR;
				CLANG_WARN_EMPTY_BODY = YES;
				CLANG_WARN_ENUM_CONVERSION = YES;
				CLANG_WARN_INT_CONVERSION = YES;
				CLANG_WARN_OBJC_ROOT_CLASS = YES_ERROR;
				CLANG_WARN_UNREACHABLE_CODE = YES;
				CLANG_WARN__DUPLICATE_METHOD_MATCH = YES;
				"CODE_SIGN_IDENTITY[sdk=iphoneos*]" = "iPhone Developer";
				COPY_PHASE_STRIP = NO;
				ENABLE_STRICT_OBJC_MSGSEND = YES;
				GCC_C_LANGUAGE_STANDARD = gnu99;
				GCC_DYNAMIC_NO_PIC = NO;
				GCC_OPTIMIZATION_LEVEL = 0;
				GCC_PREPROCESSOR_DEFINITIONS = (
					"DEBUG=1",
					"$(inherited)",
				);
				GCC_SYMBOLS_PRIVATE_EXTERN = NO;
				GCC_WARN_64_TO_32_BIT_CONVERSION = YES;
				GCC_WARN_ABOUT_RETURN_TYPE = YES_ERROR;
				GCC_WARN_UNDECLARED_SELECTOR = YES;
				GCC_WARN_UNINITIALIZED_AUTOS = YES_AGGRESSIVE;
				GCC_WARN_UNUSED_FUNCTION = YES;
				GCC_WARN_UNUSED_VARIABLE = YES;
				IPHONEOS_DEPLOYMENT_TARGET = 8.1;
				MTL_ENABLE_DEBUG_INFO = YES;
				ONLY_ACTIVE_ARCH = YES;
				SDKROOT = iphoneos;
			};
			name = Debug;
		};
		1A94787A1A2CFC3F00ECD995 /* Release */ = {
			isa = XCBuildConfiguration;
			buildSettings = {
				ALWAYS_SEARCH_USER_PATHS = NO;
				CLANG_CXX_LANGUAGE_STANDARD = "gnu++0x";
				CLANG_CXX_LIBRARY = "libc++";
				CLANG_ENABLE_MODULES = YES;
				CLANG_ENABLE_OBJC_ARC = YES;
				CLANG_WARN_BOOL_CONVERSION = YES;
				CLANG_WARN_CONSTANT_CONVERSION = YES;
				CLANG_WARN_DIRECT_OBJC_ISA_USAGE = YES_ERROR;
				CLANG_WARN_EMPTY_BODY = YES;
				CLANG_WARN_ENUM_CONVERSION = YES;
				CLANG_WARN_INT_CONVERSION = YES;
				CLANG_WARN_OBJC_ROOT_CLASS = YES_ERROR;
				CLANG_WARN_UNREACHABLE_CODE = YES;
				CLANG_WARN__DUPLICATE_METHOD_MATCH = YES;
				"CODE_SIGN_IDENTITY[sdk=iphoneos*]" = "iPhone Developer";
				COPY_PHASE_STRIP = YES;
				ENABLE_NS_ASSERTIONS = NO;
				ENABLE_STRICT_OBJC_MSGSEND = YES;
				GCC_C_LANGUAGE_STANDARD = gnu99;
				GCC_WARN_64_TO_32_BIT_CONVERSION = YES;
				GCC_WARN_ABOUT_RETURN_TYPE = YES_ERROR;
				GCC_WARN_UNDECLARED_SELECTOR = YES;
				GCC_WARN_UNINITIALIZED_AUTOS = YES_AGGRESSIVE;
				GCC_WARN_UNUSED_FUNCTION = YES;
				GCC_WARN_UNUSED_VARIABLE = YES;
				IPHONEOS_DEPLOYMENT_TARGET = 8.1;
				MTL_ENABLE_DEBUG_INFO = NO;
				SDKROOT = iphoneos;
				VALIDATE_PRODUCT = YES;
			};
			name = Release;
		};
		1A94787C1A2CFC3F00ECD995 /* Debug */ = {
			isa = XCBuildConfiguration;
			buildSettings = {
				ASSETCATALOG_COMPILER_APPICON_NAME = AppIcon;
				INFOPLIST_FILE = "Out of this World/Info.plist";
				LD_RUNPATH_SEARCH_PATHS = "$(inherited) @executable_path/Frameworks";
				PRODUCT_NAME = "$(TARGET_NAME)";
			};
			name = Debug;
		};
		1A94787D1A2CFC3F00ECD995 /* Release */ = {
			isa = XCBuildConfiguration;
			buildSettings = {
				ASSETCATALOG_COMPILER_APPICON_NAME = AppIcon;
				INFOPLIST_FILE = "Out of this World/Info.plist";
				LD_RUNPATH_SEARCH_PATHS = "$(inherited) @executable_path/Frameworks";
				PRODUCT_NAME = "$(TARGET_NAME)";
			};
			name = Release;
		};
		1A94787F1A2CFC3F00ECD995 /* Debug */ = {
			isa = XCBuildConfiguration;
			buildSettings = {
				BUNDLE_LOADER = "$(TEST_HOST)";
				FRAMEWORK_SEARCH_PATHS = (
					"$(SDKROOT)/Developer/Library/Frameworks",
					"$(inherited)",
				);
				GCC_PREPROCESSOR_DEFINITIONS = (
					"DEBUG=1",
					"$(inherited)",
				);
				INFOPLIST_FILE = "Out of this WorldTests/Info.plist";
				LD_RUNPATH_SEARCH_PATHS = "$(inherited) @executable_path/Frameworks @loader_path/Frameworks";
				PRODUCT_NAME = "$(TARGET_NAME)";
				TEST_HOST = "$(BUILT_PRODUCTS_DIR)/Out of this World.app/Out of this World";
			};
			name = Debug;
		};
		1A9478801A2CFC3F00ECD995 /* Release */ = {
			isa = XCBuildConfiguration;
			buildSettings = {
				BUNDLE_LOADER = "$(TEST_HOST)";
				FRAMEWORK_SEARCH_PATHS = (
					"$(SDKROOT)/Developer/Library/Frameworks",
					"$(inherited)",
				);
				INFOPLIST_FILE = "Out of this WorldTests/Info.plist";
				LD_RUNPATH_SEARCH_PATHS = "$(inherited) @executable_path/Frameworks @loader_path/Frameworks";
				PRODUCT_NAME = "$(TARGET_NAME)";
				TEST_HOST = "$(BUILT_PRODUCTS_DIR)/Out of this World.app/Out of this World";
			};
			name = Release;
		};
/* End XCBuildConfiguration section */

/* Begin XCConfigurationList section */
		1A9478531A2CFC3E00ECD995 /* Build configuration list for PBXProject "Out of this World" */ = {
			isa = XCConfigurationList;
			buildConfigurations = (
				1A9478791A2CFC3F00ECD995 /* Debug */,
				1A94787A1A2CFC3F00ECD995 /* Release */,
			);
			defaultConfigurationIsVisible = 0;
			defaultConfigurationName = Release;
		};
		1A94787B1A2CFC3F00ECD995 /* Build configuration list for PBXNativeTarget "Out of this World" */ = {
			isa = XCConfigurationList;
			buildConfigurations = (
				1A94787C1A2CFC3F00ECD995 /* Debug */,
				1A94787D1A2CFC3F00ECD995 /* Release */,
			);
			defaultConfigurationIsVisible = 0;
		};
		1A94787E1A2CFC3F00ECD995 /* Build configuration list for PBXNativeTarget "Out of this WorldTests" */ = {
			isa = XCConfigurationList;
			buildConfigurations = (
				1A94787F1A2CFC3F00ECD995 /* Debug */,
				1A9478801A2CFC3F00ECD995 /* Release */,
			);
			defaultConfigurationIsVisible = 0;
		};
/* End XCConfigurationList section */
	};
	rootObject = 1A9478501A2CFC3E00ECD995 /* Project object */;
}
